// !$*UTF8*$!
{
	archiveVersion = 1;
	classes = {
	};
	objectVersion = 46;
	objects = {

/* Begin PBXBuildFile section */
		3A5DBAFE2159EB63000764E9 /* AppDelegate.swift in Sources */ = {isa = PBXBuildFile; fileRef = 3A5DBAFD2159EB63000764E9 /* AppDelegate.swift */; };
		3A5DBB002159EB63000764E9 /* ViewController.swift in Sources */ = {isa = PBXBuildFile; fileRef = 3A5DBAFF2159EB63000764E9 /* ViewController.swift */; };
		3A5DBB032159EB63000764E9 /* Main.storyboard in Resources */ = {isa = PBXBuildFile; fileRef = 3A5DBB012159EB63000764E9 /* Main.storyboard */; };
		3A5DBB052159EB63000764E9 /* Assets.xcassets in Resources */ = {isa = PBXBuildFile; fileRef = 3A5DBB042159EB63000764E9 /* Assets.xcassets */; };
		3A5DBB082159EB63000764E9 /* LaunchScreen.storyboard in Resources */ = {isa = PBXBuildFile; fileRef = 3A5DBB062159EB63000764E9 /* LaunchScreen.storyboard */; };
		3A5DBB102159F342000764E9 /* TableViewCell.swift in Sources */ = {isa = PBXBuildFile; fileRef = 3A5DBB0F2159F342000764E9 /* TableViewCell.swift */; };
		3A5DBB122159F34F000764E9 /* DetailViewController.swift in Sources */ = {isa = PBXBuildFile; fileRef = 3A5DBB112159F34E000764E9 /* DetailViewController.swift */; };
/* End PBXBuildFile section */

/* Begin PBXFileReference section */
		3A5DBAFA2159EB63000764E9 /* JSON  Test GET Data.app */ = {isa = PBXFileReference; explicitFileType = wrapper.application; includeInIndex = 0; path = "JSON  Test GET Data.app"; sourceTree = BUILT_PRODUCTS_DIR; };
		3A5DBAFD2159EB63000764E9 /* AppDelegate.swift */ = {isa = PBXFileReference; lastKnownFileType = sourcecode.swift; path = AppDelegate.swift; sourceTree = "<group>"; };
		3A5DBAFF2159EB63000764E9 /* ViewController.swift */ = {isa = PBXFileReference; lastKnownFileType = sourcecode.swift; path = ViewController.swift; sourceTree = "<group>"; };
		3A5DBB022159EB63000764E9 /* Base */ = {isa = PBXFileReference; lastKnownFileType = file.storyboard; name = Base; path = Base.lproj/Main.storyboard; sourceTree = "<group>"; };
		3A5DBB042159EB63000764E9 /* Assets.xcassets */ = {isa = PBXFileReference; lastKnownFileType = folder.assetcatalog; path = Assets.xcassets; sourceTree = "<group>"; };
		3A5DBB072159EB63000764E9 /* Base */ = {isa = PBXFileReference; lastKnownFileType = file.storyboard; name = Base; path = Base.lproj/LaunchScreen.storyboard; sourceTree = "<group>"; };
		3A5DBB092159EB63000764E9 /* Info.plist */ = {isa = PBXFileReference; lastKnownFileType = text.plist.xml; path = Info.plist; sourceTree = "<group>"; };
		3A5DBB0F2159F342000764E9 /* TableViewCell.swift */ = {isa = PBXFileReference; fileEncoding = 4; lastKnownFileType = sourcecode.swift; name = TableViewCell.swift; path = ../../../Downloads/json2demoget/json2demoget/TableViewCell.swift; sourceTree = "<group>"; };
		3A5DBB112159F34E000764E9 /* DetailViewController.swift */ = {isa = PBXFileReference; fileEncoding = 4; lastKnownFileType = sourcecode.swift; name = DetailViewController.swift; path = ../../../Downloads/json2demoget/json2demoget/DetailViewController.swift; sourceTree = "<group>"; };
/* End PBXFileReference section */

/* Begin PBXFrameworksBuildPhase section */
		3A5DBAF72159EB63000764E9 /* Frameworks */ = {
			isa = PBXFrameworksBuildPhase;
			buildActionMask = 2147483647;
			files = (
			);
			runOnlyForDeploymentPostprocessing = 0;
		};
/* End PBXFrameworksBuildPhase section */

/* Begin PBXGroup section */
		3A5DBAF12159EB63000764E9 = {
			isa = PBXGroup;
			children = (
				3A5DBAFC2159EB63000764E9 /* JSON  Test GET Data */,
				3A5DBAFB2159EB63000764E9 /* Products */,
			);
			sourceTree = "<group>";
		};
		3A5DBAFB2159EB63000764E9 /* Products */ = {
			isa = PBXGroup;
			children = (
				3A5DBAFA2159EB63000764E9 /* JSON  Test GET Data.app */,
			);
			name = Products;
			sourceTree = "<group>";
		};
		3A5DBAFC2159EB63000764E9 /* JSON  Test GET Data */ = {
			isa = PBXGroup;
			children = (
				3A5DBAFD2159EB63000764E9 /* AppDelegate.swift */,
				3A5DBAFF2159EB63000764E9 /* ViewController.swift */,
				3A5DBB0F2159F342000764E9 /* TableViewCell.swift */,
				3A5DBB112159F34E000764E9 /* DetailViewController.swift */,
				3A5DBB012159EB63000764E9 /* Main.storyboard */,
				3A5DBB042159EB63000764E9 /* Assets.xcassets */,
				3A5DBB062159EB63000764E9 /* LaunchScreen.storyboard */,
				3A5DBB092159EB63000764E9 /* Info.plist */,
			);
			path = "JSON  Test GET Data";
			sourceTree = "<group>";
		};
/* End PBXGroup section */

/* Begin PBXNativeTarget section */
		3A5DBAF92159EB63000764E9 /* JSON  Test GET Data */ = {
			isa = PBXNativeTarget;
			buildConfigurationList = 3A5DBB0C2159EB63000764E9 /* Build configuration list for PBXNativeTarget "JSON  Test GET Data" */;
			buildPhases = (
				3A5DBAF62159EB63000764E9 /* Sources */,
				3A5DBAF72159EB63000764E9 /* Frameworks */,
				3A5DBAF82159EB63000764E9 /* Resources */,
			);
			buildRules = (
			);
			dependencies = (
			);
			name = "JSON  Test GET Data";
			productName = "JSON  Test GET Data";
			productReference = 3A5DBAFA2159EB63000764E9 /* JSON  Test GET Data.app */;
			productType = "com.apple.product-type.application";
		};
/* End PBXNativeTarget section */

/* Begin PBXProject section */
		3A5DBAF22159EB63000764E9 /* Project object */ = {
			isa = PBXProject;
			attributes = {
				LastSwiftUpdateCheck = 0830;
				LastUpgradeCheck = 0830;
				ORGANIZATIONNAME = khabbab;
				TargetAttributes = {
					3A5DBAF92159EB63000764E9 = {
						CreatedOnToolsVersion = 8.3.3;
						DevelopmentTeam = TDU9XXD63U;
						ProvisioningStyle = Automatic;
					};
				};
			};
			buildConfigurationList = 3A5DBAF52159EB63000764E9 /* Build configuration list for PBXProject "JSON  Test GET Data" */;
			compatibilityVersion = "Xcode 3.2";
			developmentRegion = English;
			hasScannedForEncodings = 0;
			knownRegions = (
				en,
				Base,
			);
			mainGroup = 3A5DBAF12159EB63000764E9;
			productRefGroup = 3A5DBAFB2159EB63000764E9 /* Products */;
			projectDirPath = "";
			projectRoot = "";
			targets = (
				3A5DBAF92159EB63000764E9 /* JSON  Test GET Data */,
			);
		};
/* End PBXProject section */

/* Begin PBXResourcesBuildPhase section */
		3A5DBAF82159EB63000764E9 /* Resources */ = {
			isa = PBXResourcesBuildPhase;
			buildActionMask = 2147483647;
			files = (
				3A5DBB082159EB63000764E9 /* LaunchScreen.storyboard in Resources */,
				3A5DBB052159EB63000764E9 /* Assets.xcassets in Resources */,
				3A5DBB032159EB63000764E9 /* Main.storyboard in Resources */,
			);
			runOnlyForDeploymentPostprocessing = 0;
		};
/* End PBXResourcesBuildPhase section */

/* Begin PBXSourcesBuildPhase section */
		3A5DBAF62159EB63000764E9 /* Sources */ = {
			isa = PBXSourcesBuildPhase;
			buildActionMask = 2147483647;
			files = (
				3A5DBB102159F342000764E9 /* TableViewCell.swift in Sources */,
				3A5DBB002159EB63000764E9 /* ViewController.swift in Sources */,
				3A5DBAFE2159EB63000764E9 /* AppDelegate.swift in Sources */,
				3A5DBB122159F34F000764E9 /* DetailViewController.swift in Sources */,
			);
			runOnlyForDeploymentPostprocessing = 0;
		};
/* End PBXSourcesBuildPhase section */

/* Begin PBXVariantGroup section */
		3A5DBB012159EB63000764E9 /* Main.storyboard */ = {
			isa = PBXVariantGroup;
			children = (
				3A5DBB022159EB63000764E9 /* Base */,
			);
			name = Main.storyboard;
			sourceTree = "<group>";
		};
		3A5DBB062159EB63000764E9 /* LaunchScreen.storyboard */ = {
			isa = PBXVariantGroup;
			children = (
				3A5DBB072159EB63000764E9 /* Base */,
			);
			name = LaunchScreen.storyboard;
			sourceTree = "<group>";
		};
/* End PBXVariantGroup section */

/* Begin XCBuildConfiguration section */
		3A5DBB0A2159EB63000764E9 /* Debug */ = {
			isa = XCBuildConfiguration;
			buildSettings = {
				ALWAYS_SEARCH_USER_PATHS = NO;
				CLANG_ANALYZER_NONNULL = YES;
				CLANG_ANALYZER_NUMBER_OBJECT_CONVERSION = YES_AGGRESSIVE;
				CLANG_CXX_LANGUAGE_STANDARD = "gnu++0x";
				CLANG_CXX_LIBRARY = "libc++";
				CLANG_ENABLE_MODULES = YES;
				CLANG_ENABLE_OBJC_ARC = YES;
				CLANG_WARN_BOOL_CONVERSION = YES;
				CLANG_WARN_CONSTANT_CONVERSION = YES;
				CLANG_WARN_DIRECT_OBJC_ISA_USAGE = YES_ERROR;
				CLANG_WARN_DOCUMENTATION_COMMENTS = YES;
				CLANG_WARN_EMPTY_BODY = YES;
				CLANG_WARN_ENUM_CONVERSION = YES;
				CLANG_WARN_INFINITE_RECURSION = YES;
				CLANG_WARN_INT_CONVERSION = YES;
				CLANG_WARN_OBJC_ROOT_CLASS = YES_ERROR;
				CLANG_WARN_SUSPICIOUS_MOVE = YES;
				CLANG_WARN_UNREACHABLE_CODE = YES;
				CLANG_WARN__DUPLICATE_METHOD_MATCH = YES;
				"CODE_SIGN_IDENTITY[sdk=iphoneos*]" = "iPhone Developer";
				COPY_PHASE_STRIP = NO;
				DEBUG_INFORMATION_FORMAT = dwarf;
				ENABLE_STRICT_OBJC_MSGSEND = YES;
				ENABLE_TESTABILITY = YES;
				GCC_C_LANGUAGE_STANDARD = gnu99;
				GCC_DYNAMIC_NO_PIC = NO;
				GCC_NO_COMMON_BLOCKS = YES;
				GCC_OPTIMIZATION_LEVEL = 0;
				GCC_PREPROCESSOR_DEFINITIONS = (
					"DEBUG=1",
					"$(inherited)",
				);
				GCC_WARN_64_TO_32_BIT_CONVERSION = YES;
				GCC_WARN_ABOUT_RETURN_TYPE = YES_ERROR;
				GCC_WARN_UNDECLARED_SELECTOR = YES;
				GCC_WARN_UNINITIALIZED_AUTOS = YES_AGGRESSIVE;
				GCC_WARN_UNUSED_FUNCTION = YES;
				GCC_WARN_UNUSED_VARIABLE = YES;
				IPHONEOS_DEPLOYMENT_TARGET = 10.3;
				MTL_ENABLE_DEBUG_INFO = YES;
				ONLY_ACTIVE_ARCH = YES;
				SDKROOT = iphoneos;
				SWIFT_ACTIVE_COMPILATION_CONDITIONS = DEBUG;
				SWIFT_OPTIMIZATION_LEVEL = "-Onone";
				TARGETED_DEVICE_FAMILY = "1,2";
			};
			name = Debug;
		};
		3A5DBB0B2159EB63000764E9 /* Release */ = {
			isa = XCBuildConfiguration;
			buildSettings = {
				ALWAYS_SEARCH_USER_PATHS = NO;
				CLANG_ANALYZER_NONNULL = YES;
				CLANG_ANALYZER_NUMBER_OBJECT_CONVERSION = YES_AGGRESSIVE;
				CLANG_CXX_LANGUAGE_STANDARD = "gnu++0x";
				CLANG_CXX_LIBRARY = "libc++";
				CLANG_ENABLE_MODULES = YES;
				CLANG_ENABLE_OBJC_ARC = YES;
				CLANG_WARN_BOOL_CONVERSION = YES;
				CLANG_WARN_CONSTANT_CONVERSION = YES;
				CLANG_WARN_DIRECT_OBJC_ISA_USAGE = YES_ERROR;
				CLANG_WARN_DOCUMENTATION_COMMENTS = YES;
				CLANG_WARN_EMPTY_BODY = YES;
				CLANG_WARN_ENUM_CONVERSION = YES;
				CLANG_WARN_INFINITE_RECURSION = YES;
				CLANG_WARN_INT_CONVERSION = YES;
				CLANG_WARN_OBJC_ROOT_CLASS = YES_ERROR;
				CLANG_WARN_SUSPICIOUS_MOVE = YES;
				CLANG_WARN_UNREACHABLE_CODE = YES;
				CLANG_WARN__DUPLICATE_METHOD_MATCH = YES;
				"CODE_SIGN_IDENTITY[sdk=iphoneos*]" = "iPhone Developer";
				COPY_PHASE_STRIP = NO;
				DEBUG_INFORMATION_FORMAT = "dwarf-with-dsym";
				ENABLE_NS_ASSERTIONS = NO;
				ENABLE_STRICT_OBJC_MSGSEND = YES;
				GCC_C_LANGUAGE_STANDARD = gnu99;
				GCC_NO_COMMON_BLOCKS = YES;
				GCC_WARN_64_TO_32_BIT_CONVERSION = YES;
				GCC_WARN_ABOUT_RETURN_TYPE = YES_ERROR;
				GCC_WARN_UNDECLARED_SELECTOR = YES;
				GCC_WARN_UNINITIALIZED_AUTOS = YES_AGGRESSIVE;
				GCC_WARN_UNUSED_FUNCTION = YES;
				GCC_WARN_UNUSED_VARIABLE = YES;
				IPHONEOS_DEPLOYMENT_TARGET = 10.3;
				MTL_ENABLE_DEBUG_INFO = NO;
				SDKROOT = iphoneos;
				SWIFT_OPTIMIZATION_LEVEL = "-Owholemodule";
				TARGETED_DEVICE_FAMILY = "1,2";
				VALIDATE_PRODUCT = YES;
			};
			name = Release;
		};
		3A5DBB0D2159EB63000764E9 /* Debug */ = {
			isa = XCBuildConfiguration;
			buildSettings = {
				ASSETCATALOG_COMPILER_APPICON_NAME = AppIcon;
				DEVELOPMENT_TEAM = TDU9XXD63U;
				INFOPLIST_FILE = "JSON  Test GET Data/Info.plist";
				LD_RUNPATH_SEARCH_PATHS = "$(inherited) @executable_path/Frameworks";
				PRODUCT_BUNDLE_IDENTIFIER = "swifer.khabbab.tk.JSON--Test-GET-Data";
				PRODUCT_NAME = "$(TARGET_NAME)";
				SWIFT_VERSION = 3.0;
			};
			name = Debug;
		};
		3A5DBB0E2159EB63000764E9 /* Release */ = {
			isa = XCBuildConfiguration;
			buildSettings = {
				ASSETCATALOG_COMPILER_APPICON_NAME = AppIcon;
				DEVELOPMENT_TEAM = TDU9XXD63U;
				INFOPLIST_FILE = "JSON  Test GET Data/Info.plist";
				LD_RUNPATH_SEARCH_PATHS = "$(inherited) @executable_path/Frameworks";
				PRODUCT_BUNDLE_IDENTIFIER = "swifer.khabbab.tk.JSON--Test-GET-Data";
				PRODUCT_NAME = "$(TARGET_NAME)";
				SWIFT_VERSION = 3.0;
			};
			name = Release;
		};
/* End XCBuildConfiguration section */

/* Begin XCConfigurationList section */
		3A5DBAF52159EB63000764E9 /* Build configuration list for PBXProject "JSON  Test GET Data" */ = {
			isa = XCConfigurationList;
			buildConfigurations = (
				3A5DBB0A2159EB63000764E9 /* Debug */,
				3A5DBB0B2159EB63000764E9 /* Release */,
			);
			defaultConfigurationIsVisible = 0;
			defaultConfigurationName = Release;
		};
		3A5DBB0C2159EB63000764E9 /* Build configuration list for PBXNativeTarget "JSON  Test GET Data" */ = {
			isa = XCConfigurationList;
			buildConfigurations = (
				3A5DBB0D2159EB63000764E9 /* Debug */,
				3A5DBB0E2159EB63000764E9 /* Release */,
			);
			defaultConfigurationIsVisible = 0;
		};
/* End XCConfigurationList section */
	};
	rootObject = 3A5DBAF22159EB63000764E9 /* Project object */;
}
